
Microsoft Visual Studio Solution File, Format Version 12.00
# Visual Studio Version 17
VisualStudioVersion = 17.8.34322.80
MinimumVisualStudioVersion = 10.0.40219.1
Project("{FAE04EC0-301F-11D3-BF4B-00C04F79EFBC}") = "hakaton", "hakaton\hakaton.csproj", "{05EEF4C4-3479-4D3A-B016-9F0F77735703}"
EndProject
Project("{FAE04EC0-301F-11D3-BF4B-00C04F79EFBC}") = "DAL", "DAL\DAL.csproj", "{5E5AB0F5-6BAC-4E59-BF61-91BDA3568E42}"
EndProject
Project("{FAE04EC0-301F-11D3-BF4B-00C04F79EFBC}") = "Feed", "Feed\Feed.csproj", "{3AC99F83-21B6-4554-9EE2-13EDFF34DF26}"
EndProject
Global
	GlobalSection(SolutionConfigurationPlatforms) = preSolution
		Debug|Any CPU = Debug|Any CPU
		Release|Any CPU = Release|Any CPU
	EndGlobalSection
	GlobalSection(ProjectConfigurationPlatforms) = postSolution
		{05EEF4C4-3479-4D3A-B016-9F0F77735703}.Debug|Any CPU.ActiveCfg = Debug|Any CPU
		{05EEF4C4-3479-4D3A-B016-9F0F77735703}.Debug|Any CPU.Build.0 = Debug|Any CPU
		{05EEF4C4-3479-4D3A-B016-9F0F77735703}.Release|Any CPU.ActiveCfg = Release|Any CPU
		{05EEF4C4-3479-4D3A-B016-9F0F77735703}.Release|Any CPU.Build.0 = Release|Any CPU
		{5E5AB0F5-6BAC-4E59-BF61-91BDA3568E42}.Debug|Any CPU.ActiveCfg = Debug|Any CPU
		{5E5AB0F5-6BAC-4E59-BF61-91BDA3568E42}.Debug|Any CPU.Build.0 = Debug|Any CPU
		{5E5AB0F5-6BAC-4E59-BF61-91BDA3568E42}.Release|Any CPU.ActiveCfg = Release|Any CPU
		{5E5AB0F5-6BAC-4E59-BF61-91BDA3568E42}.Release|Any CPU.Build.0 = Release|Any CPU
		{3AC99F83-21B6-4554-9EE2-13EDFF34DF26}.Debug|Any CPU.ActiveCfg = Debug|Any CPU
		{3AC99F83-21B6-4554-9EE2-13EDFF34DF26}.Debug|Any CPU.Build.0 = Debug|Any CPU
		{3AC99F83-21B6-4554-9EE2-13EDFF34DF26}.Release|Any CPU.ActiveCfg = Release|Any CPU
		{3AC99F83-21B6-4554-9EE2-13EDFF34DF26}.Release|Any CPU.Build.0 = Release|Any CPU
	EndGlobalSection
	GlobalSection(SolutionProperties) = preSolution
		HideSolutionNode = FALSE
	EndGlobalSection
	GlobalSection(ExtensibilityGlobals) = postSolution
		SolutionGuid = {D1048967-E603-44EF-8BE4-58FA800D597D}
	EndGlobalSection
EndGlobal
